
Microsoft Visual Studio Solution File, Format Version 12.00
# Visual Studio Version 17
VisualStudioVersion = 17.14.36121.58 d17.14
MinimumVisualStudioVersion = 10.0.40219.1
Project("{FAE04EC0-301F-11D3-BF4B-00C04F79EFBC}") = "BusinessCardAPI", "BusinessCardAPI\BusinessCardAPI.csproj", "{6B0962BF-565E-4DA0-84EF-7E6638A9B709}"
EndProject
Global
	GlobalSection(SolutionConfigurationPlatforms) = preSolution
		Debug|Any CPU = Debug|Any CPU
		Release|Any CPU = Release|Any CPU
	EndGlobalSection
	GlobalSection(ProjectConfigurationPlatforms) = postSolution
		{6B0962BF-565E-4DA0-84EF-7E6638A9B709}.Debug|Any CPU.ActiveCfg = Debug|Any CPU
		{6B0962BF-565E-4DA0-84EF-7E6638A9B709}.Debug|Any CPU.Build.0 = Debug|Any CPU
		{6B0962BF-565E-4DA0-84EF-7E6638A9B709}.Release|Any CPU.ActiveCfg = Release|Any CPU
		{6B0962BF-565E-4DA0-84EF-7E6638A9B709}.Release|Any CPU.Build.0 = Release|Any CPU
	EndGlobalSection
	GlobalSection(SolutionProperties) = preSolution
		HideSolutionNode = FALSE
	EndGlobalSection
	GlobalSection(ExtensibilityGlobals) = postSolution
		SolutionGuid = {2464597F-A3A3-4C2B-9A9F-8F4BDAE74166}
	EndGlobalSection
EndGlobal
